
Microsoft Visual Studio Solution File, Format Version 12.00
# Visual Studio Version 16
VisualStudioVersion = 16.0.30114.105
MinimumVisualStudioVersion = 10.0.40219.1
Project("{FAE04EC0-301F-11D3-BF4B-00C04F79EFBC}") = "Introduccion", "Introduccion\Introduccion.csproj", "{7013B47E-E7D3-4891-A280-5558288BCB62}"
EndProject
Project("{FAE04EC0-301F-11D3-BF4B-00C04F79EFBC}") = "Calculadora", "Calculadora\Calculadora.csproj", "{6D72FE72-B572-4A95-B716-4E1A662509A3}"
EndProject
Project("{FAE04EC0-301F-11D3-BF4B-00C04F79EFBC}") = "Crud", "Crud\Crud.csproj", "{AB7C2D9F-9777-4662-81DD-7FA162FE326C}"
EndProject
Project("{FAE04EC0-301F-11D3-BF4B-00C04F79EFBC}") = "Examen2", "Examen2\Examen2.csproj", "{85347853-DA3E-4B86-8515-2AA309165EE2}"
EndProject
Global
	GlobalSection(SolutionConfigurationPlatforms) = preSolution
		Debug|Any CPU = Debug|Any CPU
		Release|Any CPU = Release|Any CPU
	EndGlobalSection
	GlobalSection(SolutionProperties) = preSolution
		HideSolutionNode = FALSE
	EndGlobalSection
	GlobalSection(ProjectConfigurationPlatforms) = postSolution
		{7013B47E-E7D3-4891-A280-5558288BCB62}.Debug|Any CPU.ActiveCfg = Debug|Any CPU
		{7013B47E-E7D3-4891-A280-5558288BCB62}.Debug|Any CPU.Build.0 = Debug|Any CPU
		{7013B47E-E7D3-4891-A280-5558288BCB62}.Release|Any CPU.ActiveCfg = Release|Any CPU
		{7013B47E-E7D3-4891-A280-5558288BCB62}.Release|Any CPU.Build.0 = Release|Any CPU
		{6D72FE72-B572-4A95-B716-4E1A662509A3}.Debug|Any CPU.ActiveCfg = Debug|Any CPU
		{6D72FE72-B572-4A95-B716-4E1A662509A3}.Debug|Any CPU.Build.0 = Debug|Any CPU
		{6D72FE72-B572-4A95-B716-4E1A662509A3}.Release|Any CPU.ActiveCfg = Release|Any CPU
		{6D72FE72-B572-4A95-B716-4E1A662509A3}.Release|Any CPU.Build.0 = Release|Any CPU
		{AB7C2D9F-9777-4662-81DD-7FA162FE326C}.Debug|Any CPU.ActiveCfg = Debug|Any CPU
		{AB7C2D9F-9777-4662-81DD-7FA162FE326C}.Debug|Any CPU.Build.0 = Debug|Any CPU
		{AB7C2D9F-9777-4662-81DD-7FA162FE326C}.Release|Any CPU.ActiveCfg = Release|Any CPU
		{AB7C2D9F-9777-4662-81DD-7FA162FE326C}.Release|Any CPU.Build.0 = Release|Any CPU
		{85347853-DA3E-4B86-8515-2AA309165EE2}.Debug|Any CPU.ActiveCfg = Debug|Any CPU
		{85347853-DA3E-4B86-8515-2AA309165EE2}.Debug|Any CPU.Build.0 = Debug|Any CPU
		{85347853-DA3E-4B86-8515-2AA309165EE2}.Release|Any CPU.ActiveCfg = Release|Any CPU
		{85347853-DA3E-4B86-8515-2AA309165EE2}.Release|Any CPU.Build.0 = Release|Any CPU
	EndGlobalSection
EndGlobal
